{
  "pins" : [
    {
      "identity" : "rick-and-morty-swift-api",
      "kind" : "remoteSourceControl",
      "location" : "https://github.com/benjaminbruch/Rick-and-Morty-Swift-API.git",
      "state" : {
        "branch" : "main",
        "revision" : "c7e165e61d746cd82fb0dda5e796323224af90e2"
      }
    },
    {
      "identity" : "swift-collections",
      "kind" : "remoteSourceControl",
      "location" : "https://github.com/apple/swift-collections",
      "state" : {
        "revision" : "937e904258d22af6e447a0b72c0bc67583ef64a2",
        "version" : "1.0.4"
      }
    }
  ],
  "version" : 2
}
